
Microsoft Visual Studio Solution File, Format Version 12.00
# Visual Studio Version 16
VisualStudioVersion = 16.0.31624.102
MinimumVisualStudioVersion = 10.0.40219.1
Project("{FAE04EC0-301F-11D3-BF4B-00C04F79EFBC}") = "MVCEmployee", "MVCEmployee\MVCEmployee.csproj", "{349498FC-78D8-477B-8CFA-A7042F04CB5C}"
EndProject
Global
	GlobalSection(SolutionConfigurationPlatforms) = preSolution
		Debug|Any CPU = Debug|Any CPU
		Release|Any CPU = Release|Any CPU
	EndGlobalSection
	GlobalSection(ProjectConfigurationPlatforms) = postSolution
		{349498FC-78D8-477B-8CFA-A7042F04CB5C}.Debug|Any CPU.ActiveCfg = Debug|Any CPU
		{349498FC-78D8-477B-8CFA-A7042F04CB5C}.Debug|Any CPU.Build.0 = Debug|Any CPU
		{349498FC-78D8-477B-8CFA-A7042F04CB5C}.Release|Any CPU.ActiveCfg = Release|Any CPU
		{349498FC-78D8-477B-8CFA-A7042F04CB5C}.Release|Any CPU.Build.0 = Release|Any CPU
	EndGlobalSection
	GlobalSection(SolutionProperties) = preSolution
		HideSolutionNode = FALSE
	EndGlobalSection
	GlobalSection(ExtensibilityGlobals) = postSolution
		SolutionGuid = {B5404770-1D64-4F0D-8989-6EB8814F33CE}
	EndGlobalSection
EndGlobal
